
Microsoft Visual Studio Solution File, Format Version 12.00
# Visual Studio Version 17
VisualStudioVersion = 17.14.36603.0 d17.14
MinimumVisualStudioVersion = 10.0.40219.1
Project("{FAE04EC0-301F-11D3-BF4B-00C04F79EFBC}") = "DynamicFormBuilder", "DynamicFormBuilder\DynamicFormBuilder.csproj", "{23DD11CF-07DD-47B4-972D-E84A3968AAD6}"
EndProject
Global
	GlobalSection(SolutionConfigurationPlatforms) = preSolution
		Debug|Any CPU = Debug|Any CPU
		Release|Any CPU = Release|Any CPU
	EndGlobalSection
	GlobalSection(ProjectConfigurationPlatforms) = postSolution
		{23DD11CF-07DD-47B4-972D-E84A3968AAD6}.Debug|Any CPU.ActiveCfg = Debug|Any CPU
		{23DD11CF-07DD-47B4-972D-E84A3968AAD6}.Debug|Any CPU.Build.0 = Debug|Any CPU
		{23DD11CF-07DD-47B4-972D-E84A3968AAD6}.Release|Any CPU.ActiveCfg = Release|Any CPU
		{23DD11CF-07DD-47B4-972D-E84A3968AAD6}.Release|Any CPU.Build.0 = Release|Any CPU
	EndGlobalSection
	GlobalSection(SolutionProperties) = preSolution
		HideSolutionNode = FALSE
	EndGlobalSection
	GlobalSection(ExtensibilityGlobals) = postSolution
		SolutionGuid = {24499F2F-9D25-4291-8962-CC9F47BEA965}
	EndGlobalSection
EndGlobal
